
Microsoft Visual Studio Solution File, Format Version 12.00
# Visual Studio Version 17
VisualStudioVersion = 17.3.32825.248
MinimumVisualStudioVersion = 10.0.40219.1
Project("{FAE04EC0-301F-11D3-BF4B-00C04F79EFBC}") = "Lab.EF.UI", "Lab.EF.UI\Lab.EF.UI.csproj", "{27743C43-04BB-440A-926A-FA0F63F4DDFC}"
EndProject
Global
	GlobalSection(SolutionConfigurationPlatforms) = preSolution
		Debug|Any CPU = Debug|Any CPU
		Release|Any CPU = Release|Any CPU
	EndGlobalSection
	GlobalSection(ProjectConfigurationPlatforms) = postSolution
		{27743C43-04BB-440A-926A-FA0F63F4DDFC}.Debug|Any CPU.ActiveCfg = Debug|Any CPU
		{27743C43-04BB-440A-926A-FA0F63F4DDFC}.Debug|Any CPU.Build.0 = Debug|Any CPU
		{27743C43-04BB-440A-926A-FA0F63F4DDFC}.Release|Any CPU.ActiveCfg = Release|Any CPU
		{27743C43-04BB-440A-926A-FA0F63F4DDFC}.Release|Any CPU.Build.0 = Release|Any CPU
	EndGlobalSection
	GlobalSection(SolutionProperties) = preSolution
		HideSolutionNode = FALSE
	EndGlobalSection
	GlobalSection(ExtensibilityGlobals) = postSolution
		SolutionGuid = {0EDE807D-001C-4881-B3C4-528E59F47B41}
	EndGlobalSection
EndGlobal
