
Microsoft Visual Studio Solution File, Format Version 12.00
# Visual Studio Version 17
VisualStudioVersion = 17.3.32825.248
MinimumVisualStudioVersion = 10.0.40219.1
Project("{FAE04EC0-301F-11D3-BF4B-00C04F79EFBC}") = "TpLinq", "TpLinq\TpLinq.csproj", "{31191EE0-9777-41A7-BF7D-3A5F0A6F7070}"
EndProject
Global
	GlobalSection(SolutionConfigurationPlatforms) = preSolution
		Debug|Any CPU = Debug|Any CPU
		Release|Any CPU = Release|Any CPU
	EndGlobalSection
	GlobalSection(ProjectConfigurationPlatforms) = postSolution
		{31191EE0-9777-41A7-BF7D-3A5F0A6F7070}.Debug|Any CPU.ActiveCfg = Debug|Any CPU
		{31191EE0-9777-41A7-BF7D-3A5F0A6F7070}.Debug|Any CPU.Build.0 = Debug|Any CPU
		{31191EE0-9777-41A7-BF7D-3A5F0A6F7070}.Release|Any CPU.ActiveCfg = Release|Any CPU
		{31191EE0-9777-41A7-BF7D-3A5F0A6F7070}.Release|Any CPU.Build.0 = Release|Any CPU
	EndGlobalSection
	GlobalSection(SolutionProperties) = preSolution
		HideSolutionNode = FALSE
	EndGlobalSection
	GlobalSection(ExtensibilityGlobals) = postSolution
		SolutionGuid = {969B4CA6-7BAE-48C9-BA86-F9F7099D55C9}
	EndGlobalSection
EndGlobal
