
Microsoft Visual Studio Solution File, Format Version 12.00
# Visual Studio Version 17
VisualStudioVersion = 17.3.32825.248
MinimumVisualStudioVersion = 10.0.40219.1
Project("{FAE04EC0-301F-11D3-BF4B-00C04F79EFBC}") = "Lab.Demo.EF1.UI", "Lab.Demo.EF1\Lab.Demo.EF1.UI.csproj", "{51C0D246-3FFD-4BD8-96D4-CE69D3ECA9C9}"
EndProject
Project("{FAE04EC0-301F-11D3-BF4B-00C04F79EFBC}") = "Lab.Demo.EF1.Logic", "Lab.Demo.EF1.Logic\Lab.Demo.EF1.Logic.csproj", "{9A0A698E-33D3-4074-AE34-00DE37535CC6}"
EndProject
Project("{FAE04EC0-301F-11D3-BF4B-00C04F79EFBC}") = "Lab.Demo.EF1.Data", "Lab.Demo.EF1.Data\Lab.Demo.EF1.Data.csproj", "{C1A56C51-3D6E-4438-B516-595DCB22E63F}"
EndProject
Project("{FAE04EC0-301F-11D3-BF4B-00C04F79EFBC}") = "Lab.Demo.EF1.Entities", "Lab.Demo.EF1.Entities\Lab.Demo.EF1.Entities.csproj", "{C28F382F-7678-4EED-9E15-A3BCA98F4FC7}"
EndProject
Global
	GlobalSection(SolutionConfigurationPlatforms) = preSolution
		Debug|Any CPU = Debug|Any CPU
		Release|Any CPU = Release|Any CPU
	EndGlobalSection
	GlobalSection(ProjectConfigurationPlatforms) = postSolution
		{51C0D246-3FFD-4BD8-96D4-CE69D3ECA9C9}.Debug|Any CPU.ActiveCfg = Debug|Any CPU
		{51C0D246-3FFD-4BD8-96D4-CE69D3ECA9C9}.Debug|Any CPU.Build.0 = Debug|Any CPU
		{51C0D246-3FFD-4BD8-96D4-CE69D3ECA9C9}.Release|Any CPU.ActiveCfg = Release|Any CPU
		{51C0D246-3FFD-4BD8-96D4-CE69D3ECA9C9}.Release|Any CPU.Build.0 = Release|Any CPU
		{9A0A698E-33D3-4074-AE34-00DE37535CC6}.Debug|Any CPU.ActiveCfg = Debug|Any CPU
		{9A0A698E-33D3-4074-AE34-00DE37535CC6}.Debug|Any CPU.Build.0 = Debug|Any CPU
		{9A0A698E-33D3-4074-AE34-00DE37535CC6}.Release|Any CPU.ActiveCfg = Release|Any CPU
		{9A0A698E-33D3-4074-AE34-00DE37535CC6}.Release|Any CPU.Build.0 = Release|Any CPU
		{C1A56C51-3D6E-4438-B516-595DCB22E63F}.Debug|Any CPU.ActiveCfg = Debug|Any CPU
		{C1A56C51-3D6E-4438-B516-595DCB22E63F}.Debug|Any CPU.Build.0 = Debug|Any CPU
		{C1A56C51-3D6E-4438-B516-595DCB22E63F}.Release|Any CPU.ActiveCfg = Release|Any CPU
		{C1A56C51-3D6E-4438-B516-595DCB22E63F}.Release|Any CPU.Build.0 = Release|Any CPU
		{C28F382F-7678-4EED-9E15-A3BCA98F4FC7}.Debug|Any CPU.ActiveCfg = Debug|Any CPU
		{C28F382F-7678-4EED-9E15-A3BCA98F4FC7}.Debug|Any CPU.Build.0 = Debug|Any CPU
		{C28F382F-7678-4EED-9E15-A3BCA98F4FC7}.Release|Any CPU.ActiveCfg = Release|Any CPU
		{C28F382F-7678-4EED-9E15-A3BCA98F4FC7}.Release|Any CPU.Build.0 = Release|Any CPU
	EndGlobalSection
	GlobalSection(SolutionProperties) = preSolution
		HideSolutionNode = FALSE
	EndGlobalSection
	GlobalSection(ExtensibilityGlobals) = postSolution
		SolutionGuid = {F586C547-986E-462E-A37C-58275F5015B6}
	EndGlobalSection
EndGlobal
