
Microsoft Visual Studio Solution File, Format Version 12.00
# Visual Studio Version 17
VisualStudioVersion = 17.3.32825.248
MinimumVisualStudioVersion = 10.0.40219.1
Project("{FAE04EC0-301F-11D3-BF4B-00C04F79EFBC}") = "PracticaExtensionMethods", "PracticaExtensionMethods\PracticaExtensionMethods.csproj", "{9D0605B3-FCD4-439F-A25D-74DB51CC281B}"
EndProject
Project("{FAE04EC0-301F-11D3-BF4B-00C04F79EFBC}") = "PracticaExtensionMethodsTests1", "PracticaExtensionMethodsTests1\PracticaExtensionMethodsTests1.csproj", "{AECC7B5B-04F4-4BB2-B484-51F04B2947E2}"
EndProject
Global
	GlobalSection(SolutionConfigurationPlatforms) = preSolution
		Debug|Any CPU = Debug|Any CPU
		Release|Any CPU = Release|Any CPU
	EndGlobalSection
	GlobalSection(ProjectConfigurationPlatforms) = postSolution
		{9D0605B3-FCD4-439F-A25D-74DB51CC281B}.Debug|Any CPU.ActiveCfg = Debug|Any CPU
		{9D0605B3-FCD4-439F-A25D-74DB51CC281B}.Debug|Any CPU.Build.0 = Debug|Any CPU
		{9D0605B3-FCD4-439F-A25D-74DB51CC281B}.Release|Any CPU.ActiveCfg = Release|Any CPU
		{9D0605B3-FCD4-439F-A25D-74DB51CC281B}.Release|Any CPU.Build.0 = Release|Any CPU
		{AECC7B5B-04F4-4BB2-B484-51F04B2947E2}.Debug|Any CPU.ActiveCfg = Debug|Any CPU
		{AECC7B5B-04F4-4BB2-B484-51F04B2947E2}.Debug|Any CPU.Build.0 = Debug|Any CPU
		{AECC7B5B-04F4-4BB2-B484-51F04B2947E2}.Release|Any CPU.ActiveCfg = Release|Any CPU
		{AECC7B5B-04F4-4BB2-B484-51F04B2947E2}.Release|Any CPU.Build.0 = Release|Any CPU
	EndGlobalSection
	GlobalSection(SolutionProperties) = preSolution
		HideSolutionNode = FALSE
	EndGlobalSection
	GlobalSection(ExtensibilityGlobals) = postSolution
		SolutionGuid = {D3A9F1B4-5612-4087-B472-31A0AFAA9694}
	EndGlobalSection
EndGlobal
